lockfileVersion: '9.0'

settings:
  autoInstallPeers: true
  excludeLinksFromLockfile: false

importers:

  .:
    dependencies:
      '@tauri-apps/cli':
        specifier: 2.0.0-rc.12
        version: 2.0.0-rc.12

packages:

  '@tauri-apps/cli-darwin-arm64@2.0.0-rc.12':
    resolution: {integrity: sha512-zYxcAH4reyqKkqCAybggszFWkBvC+ZyZPTWFKXXVQ20MZc1q+e/0UJYC8UKsaumrbi1uptgamvnM8yql56x5QQ==}
    engines: {node: '>= 10'}
    cpu: [arm64]
    os: [darwin]

  '@tauri-apps/cli-darwin-x64@2.0.0-rc.12':
    resolution: {integrity: sha512-eme7pQzEzeGCk13V3uxUNRnkVZJukqwHotqEb2RdovXqJWSyESrighBy4PBG5Xn6wNYTOyoquY9+In4TOfJAzw==}
    engines: {node: '>= 10'}
    cpu: [x64]
    os: [darwin]

  '@tauri-apps/cli-linux-arm-gnueabihf@2.0.0-rc.12':
    resolution: {integrity: sha512-113T2NsLeoy6GXsqc0yjMoozt+KXzkAtUB7DL9Kcvx9IMfA87cUVaTNjnb2GFsoQqpCWGfHei3nr9n1PGEbwMg==}
    engines: {node: '>= 10'}
    cpu: [arm]
    os: [linux]

  '@tauri-apps/cli-linux-arm64-gnu@2.0.0-rc.12':
    resolution: {integrity: sha512-9TrUyNg0vmsYF7IbG+/sybEeiz6ikA1Kjd6JjC4iwfXjRff8fuTR7CIOb06imabxbLzGP79qSAnGAeTXz8E7qA==}
    engines: {node: '>= 10'}
    cpu: [arm64]
    os: [linux]

  '@tauri-apps/cli-linux-arm64-musl@2.0.0-rc.12':
    resolution: {integrity: sha512-YvE40+wdkNcXhwUAJNPyhNzJ8YS3saJoxGj7mtNQeNeNrKhxyj6hA5T6gw9KtMkwBOp+HGtqn+eDXiu0X7BBHQ==}
    engines: {node: '>= 10'}
    cpu: [arm64]
    os: [linux]

  '@tauri-apps/cli-linux-x64-gnu@2.0.0-rc.12':
    resolution: {integrity: sha512-q+MJp/lSA5WINs78dCFMlU0/jQeUkGr9GHbKeppcVcpkcY/1vog70b4KhneyvbuklKBn/V8kd0FtIKCn8VP+KQ==}
    engines: {node: '>= 10'}
    cpu: [x64]
    os: [linux]

  '@tauri-apps/cli-linux-x64-musl@2.0.0-rc.12':
    resolution: {integrity: sha512-5zodtleH2GFsB9lszDYrzPTLcr+MMqtpQpJWHATC1K03bLEA8ia8zSdBqRwm7u8NraMLl8TE7hc7hwq0uxGEcg==}
    engines: {node: '>= 10'}
    cpu: [x64]
    os: [linux]

  '@tauri-apps/cli-win32-arm64-msvc@2.0.0-rc.12':
    resolution: {integrity: sha512-nSu6VHpuq61DYM2YowLDLDwkK8im7dzYxIHXs+h8/rhkmadTujGhbyUhHPI1STA6hNyITUtSFpo6P2mEbfpAIg==}
    engines: {node: '>= 10'}
    cpu: [arm64]
    os: [win32]

  '@tauri-apps/cli-win32-ia32-msvc@2.0.0-rc.12':
    resolution: {integrity: sha512-d/4y57OisMuB+MUkTpZsryQRi9ZQXQ8SsMhrvEgu8sbX8/WRm0iZyGuIZ01RlZZHLIasXbKTkPX+hPQC5Juk8Q==}
    engines: {node: '>= 10'}
    cpu: [ia32]
    os: [win32]

  '@tauri-apps/cli-win32-x64-msvc@2.0.0-rc.12':
    resolution: {integrity: sha512-RsPUvsbFza03ysh0nU2nM3P2CVWz9cu7CRHwOEdtXjWWNREHUYCaVpqQKz0tn2sG19yXiNIB40iqrIBUmb/IoA==}
    engines: {node: '>= 10'}
    cpu: [x64]
    os: [win32]

  '@tauri-apps/cli@2.0.0-rc.12':
    resolution: {integrity: sha512-rNcVSyGHGz8vNk542isYKPk5fEMAsgmzER+1s9YYbGZCH7m4e0rH89p/P9W40I/Z4AZk4ZqjpEeajeS5izDI4g==}
    engines: {node: '>= 10'}
    hasBin: true

snapshots:

  '@tauri-apps/cli-darwin-arm64@2.0.0-rc.12':
    optional: true

  '@tauri-apps/cli-darwin-x64@2.0.0-rc.12':
    optional: true

  '@tauri-apps/cli-linux-arm-gnueabihf@2.0.0-rc.12':
    optional: true

  '@tauri-apps/cli-linux-arm64-gnu@2.0.0-rc.12':
    optional: true

  '@tauri-apps/cli-linux-arm64-musl@2.0.0-rc.12':
    optional: true

  '@tauri-apps/cli-linux-x64-gnu@2.0.0-rc.12':
    optional: true

  '@tauri-apps/cli-linux-x64-musl@2.0.0-rc.12':
    optional: true

  '@tauri-apps/cli-win32-arm64-msvc@2.0.0-rc.12':
    optional: true

  '@tauri-apps/cli-win32-ia32-msvc@2.0.0-rc.12':
    optional: true

  '@tauri-apps/cli-win32-x64-msvc@2.0.0-rc.12':
    optional: true

  '@tauri-apps/cli@2.0.0-rc.12':
    optionalDependencies:
      '@tauri-apps/cli-darwin-arm64': 2.0.0-rc.12
      '@tauri-apps/cli-darwin-x64': 2.0.0-rc.12
      '@tauri-apps/cli-linux-arm-gnueabihf': 2.0.0-rc.12
      '@tauri-apps/cli-linux-arm64-gnu': 2.0.0-rc.12
      '@tauri-apps/cli-linux-arm64-musl': 2.0.0-rc.12
      '@tauri-apps/cli-linux-x64-gnu': 2.0.0-rc.12
      '@tauri-apps/cli-linux-x64-musl': 2.0.0-rc.12
      '@tauri-apps/cli-win32-arm64-msvc': 2.0.0-rc.12
      '@tauri-apps/cli-win32-ia32-msvc': 2.0.0-rc.12
      '@tauri-apps/cli-win32-x64-msvc': 2.0.0-rc.12
