lockfileVersion: '9.0'

settings:
  autoInstallPeers: true
  excludeLinksFromLockfile: false

importers:

  .:
    dependencies:
      '@tauri-apps/cli':
        specifier: 2.0.4
        version: 2.0.4

packages:

  '@tauri-apps/cli-darwin-arm64@2.0.4':
    resolution: {integrity: sha512-siH7rOHobb16rPbc11k64p1mxIpiRCkWmzs2qmL5IX21Gx9K5onI3Tk67Oqpf2uNupbYzItrOttaDT4NHFC7tw==}
    engines: {node: '>= 10'}
    cpu: [arm64]
    os: [darwin]

  '@tauri-apps/cli-darwin-x64@2.0.4':
    resolution: {integrity: sha512-zIccfbCoZMfmUpnk6PFCV0keFyfVj1A9XV3Oiiitj/dkTZ9CQvzjhX3XC0XcK4rsTWegfr2PjSrK06aiPAROAw==}
    engines: {node: '>= 10'}
    cpu: [x64]
    os: [darwin]

  '@tauri-apps/cli-linux-arm-gnueabihf@2.0.4':
    resolution: {integrity: sha512-fgQqJzefOGWCBNg4yrVA82Rg4s1XQr5K0dc2rCxBhJfa696e8dQ1LDrnWq/AiO5r+uHfVaoQTIUvxxpFicYRSA==}
    engines: {node: '>= 10'}
    cpu: [arm]
    os: [linux]

  '@tauri-apps/cli-linux-arm64-gnu@2.0.4':
    resolution: {integrity: sha512-u8wbt5tPA9pI6j+d7jGrfOz9UVCiTp+IYzKNiIqlrDsAjqAUFaNXYHKqOUboeFWEmI4zoCWj6LgpS2OJTQ5FKg==}
    engines: {node: '>= 10'}
    cpu: [arm64]
    os: [linux]

  '@tauri-apps/cli-linux-arm64-musl@2.0.4':
    resolution: {integrity: sha512-hntF1V8e3V1hlrESm93PsghDhf3lA5pbvFrRfYxU1c+fVD/jRXGVw8BH3O1lW8MWwhEg1YdhKk01oAgsuHLuig==}
    engines: {node: '>= 10'}
    cpu: [arm64]
    os: [linux]

  '@tauri-apps/cli-linux-x64-gnu@2.0.4':
    resolution: {integrity: sha512-Iq1GGJb+oT1T0ZV8izrgf0cBtlzPCJaWcNueRbf1ZXquMf+FSTyQv+/Lo8rq5T6buOIJOH7cAOTuEWWqiCZteg==}
    engines: {node: '>= 10'}
    cpu: [x64]
    os: [linux]

  '@tauri-apps/cli-linux-x64-musl@2.0.4':
    resolution: {integrity: sha512-9NTk6Pf0bSwXqCBdAA+PDYts9HeHebZzIo8mbRzRyUbER6QngG5HZb9Ka36Z1QWtJjdRy6uxSb4zb/9NuTeHfA==}
    engines: {node: '>= 10'}
    cpu: [x64]
    os: [linux]

  '@tauri-apps/cli-win32-arm64-msvc@2.0.4':
    resolution: {integrity: sha512-OF2e9oxiBFR8A8wVMOhUx9QGN/I1ZkquWC7gVQBnA56nx9PabJlDT08QBy5UD8USqZFVznnfNr2ehlheQahb3g==}
    engines: {node: '>= 10'}
    cpu: [arm64]
    os: [win32]

  '@tauri-apps/cli-win32-ia32-msvc@2.0.4':
    resolution: {integrity: sha512-T+hCKB3rFP6q0saHHtR02hm6wr1ZPJ0Mkii3oRTxjPG6BBXoVzHNCYzvdgEGJPTA2sFuAQtJH764NRtNlDMifw==}
    engines: {node: '>= 10'}
    cpu: [ia32]
    os: [win32]

  '@tauri-apps/cli-win32-x64-msvc@2.0.4':
    resolution: {integrity: sha512-GVaiI3KWRFLomjJmApHqihhYlkJ+7FqhumhVfBO6Z2tWzZjQyVQgTdNp0kYEuW2WoAYEj0dKY6qd4YM33xYcUA==}
    engines: {node: '>= 10'}
    cpu: [x64]
    os: [win32]

  '@tauri-apps/cli@2.0.4':
    resolution: {integrity: sha512-Hl9eFXz+O366+6su9PfaSzu2EJdFe1p8K8ghkWmi40dz8VmSE7vsMTaOStD0I71ckSOkh2ICDX7FQTBgjlpjWw==}
    engines: {node: '>= 10'}
    hasBin: true

snapshots:

  '@tauri-apps/cli-darwin-arm64@2.0.4':
    optional: true

  '@tauri-apps/cli-darwin-x64@2.0.4':
    optional: true

  '@tauri-apps/cli-linux-arm-gnueabihf@2.0.4':
    optional: true

  '@tauri-apps/cli-linux-arm64-gnu@2.0.4':
    optional: true

  '@tauri-apps/cli-linux-arm64-musl@2.0.4':
    optional: true

  '@tauri-apps/cli-linux-x64-gnu@2.0.4':
    optional: true

  '@tauri-apps/cli-linux-x64-musl@2.0.4':
    optional: true

  '@tauri-apps/cli-win32-arm64-msvc@2.0.4':
    optional: true

  '@tauri-apps/cli-win32-ia32-msvc@2.0.4':
    optional: true

  '@tauri-apps/cli-win32-x64-msvc@2.0.4':
    optional: true

  '@tauri-apps/cli@2.0.4':
    optionalDependencies:
      '@tauri-apps/cli-darwin-arm64': 2.0.4
      '@tauri-apps/cli-darwin-x64': 2.0.4
      '@tauri-apps/cli-linux-arm-gnueabihf': 2.0.4
      '@tauri-apps/cli-linux-arm64-gnu': 2.0.4
      '@tauri-apps/cli-linux-arm64-musl': 2.0.4
      '@tauri-apps/cli-linux-x64-gnu': 2.0.4
      '@tauri-apps/cli-linux-x64-musl': 2.0.4
      '@tauri-apps/cli-win32-arm64-msvc': 2.0.4
      '@tauri-apps/cli-win32-ia32-msvc': 2.0.4
      '@tauri-apps/cli-win32-x64-msvc': 2.0.4
