{
  "nodes": {
    "nixpkgs": {
      "locked": {
        "lastModified": 1736603572,
        "narHash": "sha256-yOZxepSF/z6ZDAOlJ3VZRIGOKfroa6CmOm2x6ud8S3s=",
        "owner": "nixos",
        "repo": "nixpkgs",
        "rev": "376250fab39653e93864b4dfd9ab161751fbe430",
        "type": "github"
      },
      "original": {
        "owner": "nixos",
        "ref": "nixos-unstable-small",
        "repo": "nixpkgs",
        "type": "github"
      }
    },
    "nixpkgs_2": {
      "locked": {
        "lastModified": 1736320768,
        "narHash": "sha256-nIYdTAiKIGnFNugbomgBJR+Xv5F1ZQU+HfaBqJKroC0=",
        "owner": "NixOS",
        "repo": "nixpkgs",
        "rev": "4bc9c909d9ac828a039f288cf872d16d38185db8",
        "type": "github"
      },
      "original": {
        "owner": "NixOS",
        "ref": "nixpkgs-unstable",
        "repo": "nixpkgs",
        "type": "github"
      }
    },
    "root": {
      "inputs": {
        "nixpkgs": "nixpkgs",
        "rust-overlay": "rust-overlay"
      }
    },
    "rust-overlay": {
      "inputs": {
        "nixpkgs": "nixpkgs_2"
      },
      "locked": {
        "lastModified": 1736632357,
        "narHash": "sha256-o+XYHMxGi8oiJlQ7UkDv0lzUuED6iaxZwPzD3kY7R38=",
        "owner": "oxalica",
        "repo": "rust-overlay",
        "rev": "09f2869b164f8b6d5e30f0bd7ed30d6eb8237058",
        "type": "github"
      },
      "original": {
        "owner": "oxalica",
        "repo": "rust-overlay",
        "type": "github"
      }
    }
  },
  "root": "root",
  "version": 7
}
