lockfileVersion: '9.0'

settings:
  autoInstallPeers: true
  excludeLinksFromLockfile: false

importers:

  .:
    dependencies:
      '@tauri-apps/cli':
        specifier: 2.1.0
        version: 2.1.0

packages:

  '@tauri-apps/cli-darwin-arm64@2.1.0':
    resolution: {integrity: sha512-ESc6J6CE8hl1yKH2vJ+ALF+thq4Be+DM1mvmTyUCQObvezNCNhzfS6abIUd3ou4x5RGH51ouiANeT3wekU6dCw==}
    engines: {node: '>= 10'}
    cpu: [arm64]
    os: [darwin]

  '@tauri-apps/cli-darwin-x64@2.1.0':
    resolution: {integrity: sha512-TasHS442DFs8cSH2eUQzuDBXUST4ECjCd0yyP+zZzvAruiB0Bg+c8A+I/EnqCvBQ2G2yvWLYG8q/LI7c87A5UA==}
    engines: {node: '>= 10'}
    cpu: [x64]
    os: [darwin]

  '@tauri-apps/cli-linux-arm-gnueabihf@2.1.0':
    resolution: {integrity: sha512-aP7ZBGNL4ny07Cbb6kKpUOSrmhcIK2KhjviTzYlh+pPhAptxnC78xQGD3zKQkTi2WliJLPmBYbOHWWQa57lQ9w==}
    engines: {node: '>= 10'}
    cpu: [arm]
    os: [linux]

  '@tauri-apps/cli-linux-arm64-gnu@2.1.0':
    resolution: {integrity: sha512-ZTdgD5gLeMCzndMT2f358EkoYkZ5T+Qy6zPzU+l5vv5M7dHVN9ZmblNAYYXmoOuw7y+BY4X/rZvHV9pcGrcanQ==}
    engines: {node: '>= 10'}
    cpu: [arm64]
    os: [linux]

  '@tauri-apps/cli-linux-arm64-musl@2.1.0':
    resolution: {integrity: sha512-NzwqjUCilhnhJzusz3d/0i0F1GFrwCQbkwR6yAHUxItESbsGYkZRJk0yMEWkg3PzFnyK4cWTlQJMEU52TjhEzA==}
    engines: {node: '>= 10'}
    cpu: [arm64]
    os: [linux]

  '@tauri-apps/cli-linux-x64-gnu@2.1.0':
    resolution: {integrity: sha512-TyiIpMEtZxNOQmuFyfJwaaYbg3movSthpBJLIdPlKxSAB2BW0VWLY3/ZfIxm/G2YGHyREkjJvimzYE0i37PnMA==}
    engines: {node: '>= 10'}
    cpu: [x64]
    os: [linux]

  '@tauri-apps/cli-linux-x64-musl@2.1.0':
    resolution: {integrity: sha512-/dQd0TlaxBdJACrR72DhynWftzHDaX32eBtS5WBrNJ+nnNb+znM3gON6nJ9tSE9jgDa6n1v2BkI/oIDtypfUXw==}
    engines: {node: '>= 10'}
    cpu: [x64]
    os: [linux]

  '@tauri-apps/cli-win32-arm64-msvc@2.1.0':
    resolution: {integrity: sha512-NdQJO7SmdYqOcE+JPU7bwg7+odfZMWO6g8xF9SXYCMdUzvM2Gv/AQfikNXz5yS7ralRhNFuW32i5dcHlxh4pDg==}
    engines: {node: '>= 10'}
    cpu: [arm64]
    os: [win32]

  '@tauri-apps/cli-win32-ia32-msvc@2.1.0':
    resolution: {integrity: sha512-f5h8gKT/cB8s1ticFRUpNmHqkmaLutT62oFDB7N//2YTXnxst7EpMIn1w+QimxTvTk2gcx6EcW6bEk/y2hZGzg==}
    engines: {node: '>= 10'}
    cpu: [ia32]
    os: [win32]

  '@tauri-apps/cli-win32-x64-msvc@2.1.0':
    resolution: {integrity: sha512-P/+LrdSSb5Xbho1LRP4haBjFHdyPdjWvGgeopL96OVtrFpYnfC+RctB45z2V2XxqFk3HweDDxk266btjttfjGw==}
    engines: {node: '>= 10'}
    cpu: [x64]
    os: [win32]

  '@tauri-apps/cli@2.1.0':
    resolution: {integrity: sha512-K2VhcKqBhAeS5pNOVdnR/xQRU6jwpgmkSL2ejHXcl0m+kaTggT0WRDQnFtPq6NljA7aE03cvwsbCAoFG7vtkJw==}
    engines: {node: '>= 10'}
    hasBin: true

snapshots:

  '@tauri-apps/cli-darwin-arm64@2.1.0':
    optional: true

  '@tauri-apps/cli-darwin-x64@2.1.0':
    optional: true

  '@tauri-apps/cli-linux-arm-gnueabihf@2.1.0':
    optional: true

  '@tauri-apps/cli-linux-arm64-gnu@2.1.0':
    optional: true

  '@tauri-apps/cli-linux-arm64-musl@2.1.0':
    optional: true

  '@tauri-apps/cli-linux-x64-gnu@2.1.0':
    optional: true

  '@tauri-apps/cli-linux-x64-musl@2.1.0':
    optional: true

  '@tauri-apps/cli-win32-arm64-msvc@2.1.0':
    optional: true

  '@tauri-apps/cli-win32-ia32-msvc@2.1.0':
    optional: true

  '@tauri-apps/cli-win32-x64-msvc@2.1.0':
    optional: true

  '@tauri-apps/cli@2.1.0':
    optionalDependencies:
      '@tauri-apps/cli-darwin-arm64': 2.1.0
      '@tauri-apps/cli-darwin-x64': 2.1.0
      '@tauri-apps/cli-linux-arm-gnueabihf': 2.1.0
      '@tauri-apps/cli-linux-arm64-gnu': 2.1.0
      '@tauri-apps/cli-linux-arm64-musl': 2.1.0
      '@tauri-apps/cli-linux-x64-gnu': 2.1.0
      '@tauri-apps/cli-linux-x64-musl': 2.1.0
      '@tauri-apps/cli-win32-arm64-msvc': 2.1.0
      '@tauri-apps/cli-win32-ia32-msvc': 2.1.0
      '@tauri-apps/cli-win32-x64-msvc': 2.1.0
